
Microsoft Visual Studio Solution File, Format Version 12.00
# Visual Studio Version 17
VisualStudioVersion = 17.11.35327.3
MinimumVisualStudioVersion = 10.0.40219.1
Project("{FAE04EC0-301F-11D3-BF4B-00C04F79EFBC}") = "else if 3", "else if 3\else if 3.csproj", "{E2D2F65B-9E4D-4D50-953B-0AAC0052EBAE}"
EndProject
Global
	GlobalSection(SolutionConfigurationPlatforms) = preSolution
		Debug|Any CPU = Debug|Any CPU
		Release|Any CPU = Release|Any CPU
	EndGlobalSection
	GlobalSection(ProjectConfigurationPlatforms) = postSolution
		{E2D2F65B-9E4D-4D50-953B-0AAC0052EBAE}.Debug|Any CPU.ActiveCfg = Debug|Any CPU
		{E2D2F65B-9E4D-4D50-953B-0AAC0052EBAE}.Debug|Any CPU.Build.0 = Debug|Any CPU
		{E2D2F65B-9E4D-4D50-953B-0AAC0052EBAE}.Release|Any CPU.ActiveCfg = Release|Any CPU
		{E2D2F65B-9E4D-4D50-953B-0AAC0052EBAE}.Release|Any CPU.Build.0 = Release|Any CPU
	EndGlobalSection
	GlobalSection(SolutionProperties) = preSolution
		HideSolutionNode = FALSE
	EndGlobalSection
	GlobalSection(ExtensibilityGlobals) = postSolution
		SolutionGuid = {6950D893-F69E-425B-80CB-8003365450FC}
	EndGlobalSection
EndGlobal
